
Microsoft Visual Studio Solution File, Format Version 12.00
# Visual Studio Version 17
VisualStudioVersion = 17.3.32804.467
MinimumVisualStudioVersion = 10.0.40219.1
Project("{FAE04EC0-301F-11D3-BF4B-00C04F79EFBC}") = "Three-tier-architecture", "Three-tier-architecture\Three-tier-architecture.csproj", "{9776AA3C-4400-444D-A04B-91EECF768D62}"
EndProject
Project("{FAE04EC0-301F-11D3-BF4B-00C04F79EFBC}") = "DataLayer", "DataLayer\DataLayer.csproj", "{4DFEFEB2-B92E-4D49-94AC-4D03154F1CD2}"
EndProject
Global
	GlobalSection(SolutionConfigurationPlatforms) = preSolution
		Debug|Any CPU = Debug|Any CPU
		Release|Any CPU = Release|Any CPU
	EndGlobalSection
	GlobalSection(ProjectConfigurationPlatforms) = postSolution
		{9776AA3C-4400-444D-A04B-91EECF768D62}.Debug|Any CPU.ActiveCfg = Debug|Any CPU
		{9776AA3C-4400-444D-A04B-91EECF768D62}.Debug|Any CPU.Build.0 = Debug|Any CPU
		{9776AA3C-4400-444D-A04B-91EECF768D62}.Release|Any CPU.ActiveCfg = Release|Any CPU
		{9776AA3C-4400-444D-A04B-91EECF768D62}.Release|Any CPU.Build.0 = Release|Any CPU
		{4DFEFEB2-B92E-4D49-94AC-4D03154F1CD2}.Debug|Any CPU.ActiveCfg = Debug|Any CPU
		{4DFEFEB2-B92E-4D49-94AC-4D03154F1CD2}.Debug|Any CPU.Build.0 = Debug|Any CPU
		{4DFEFEB2-B92E-4D49-94AC-4D03154F1CD2}.Release|Any CPU.ActiveCfg = Release|Any CPU
		{4DFEFEB2-B92E-4D49-94AC-4D03154F1CD2}.Release|Any CPU.Build.0 = Release|Any CPU
	EndGlobalSection
	GlobalSection(SolutionProperties) = preSolution
		HideSolutionNode = FALSE
	EndGlobalSection
	GlobalSection(ExtensibilityGlobals) = postSolution
		SolutionGuid = {680DA263-D162-4350-A3B6-836E4D4DCB19}
	EndGlobalSection
EndGlobal
